
Microsoft Visual Studio Solution File, Format Version 12.00
# Visual Studio Version 17
VisualStudioVersion = 17.5.002.0
MinimumVisualStudioVersion = 10.0.40219.1
Project("{9A19103F-16F7-4668-BE54-9A1E7A4F7556}") = "3. Library Management System", "3. Library Management System.csproj", "{F05FB56C-4F11-4C04-BEE5-4617386E4566}"
EndProject
Global
	GlobalSection(SolutionConfigurationPlatforms) = preSolution
		Debug|Any CPU = Debug|Any CPU
		Release|Any CPU = Release|Any CPU
	EndGlobalSection
	GlobalSection(ProjectConfigurationPlatforms) = postSolution
		{F05FB56C-4F11-4C04-BEE5-4617386E4566}.Debug|Any CPU.ActiveCfg = Debug|Any CPU
		{F05FB56C-4F11-4C04-BEE5-4617386E4566}.Debug|Any CPU.Build.0 = Debug|Any CPU
		{F05FB56C-4F11-4C04-BEE5-4617386E4566}.Release|Any CPU.ActiveCfg = Release|Any CPU
		{F05FB56C-4F11-4C04-BEE5-4617386E4566}.Release|Any CPU.Build.0 = Release|Any CPU
	EndGlobalSection
	GlobalSection(SolutionProperties) = preSolution
		HideSolutionNode = FALSE
	EndGlobalSection
	GlobalSection(ExtensibilityGlobals) = postSolution
		SolutionGuid = {2383F978-DDBD-4F80-BDC5-7D1D0864E863}
	EndGlobalSection
EndGlobal
