
Microsoft Visual Studio Solution File, Format Version 12.00
# Visual Studio Version 17
VisualStudioVersion = 17.5.002.0
MinimumVisualStudioVersion = 10.0.40219.1
Project("{9A19103F-16F7-4668-BE54-9A1E7A4F7556}") = "4. Inventory Management System", "4. Inventory Management System.csproj", "{B0B64A44-B04D-497E-B0DC-F5F459C8312C}"
EndProject
Global
	GlobalSection(SolutionConfigurationPlatforms) = preSolution
		Debug|Any CPU = Debug|Any CPU
		Release|Any CPU = Release|Any CPU
	EndGlobalSection
	GlobalSection(ProjectConfigurationPlatforms) = postSolution
		{B0B64A44-B04D-497E-B0DC-F5F459C8312C}.Debug|Any CPU.ActiveCfg = Debug|Any CPU
		{B0B64A44-B04D-497E-B0DC-F5F459C8312C}.Debug|Any CPU.Build.0 = Debug|Any CPU
		{B0B64A44-B04D-497E-B0DC-F5F459C8312C}.Release|Any CPU.ActiveCfg = Release|Any CPU
		{B0B64A44-B04D-497E-B0DC-F5F459C8312C}.Release|Any CPU.Build.0 = Release|Any CPU
	EndGlobalSection
	GlobalSection(SolutionProperties) = preSolution
		HideSolutionNode = FALSE
	EndGlobalSection
	GlobalSection(ExtensibilityGlobals) = postSolution
		SolutionGuid = {9CBF39A1-4FCE-4E89-BAD1-DAAA8C701ABE}
	EndGlobalSection
EndGlobal
